
Microsoft Visual Studio Solution File, Format Version 12.00
# Visual Studio Version 16
VisualStudioVersion = 16.0.29806.167
MinimumVisualStudioVersion = 10.0.40219.1
Project("{FAE04EC0-301F-11D3-BF4B-00C04F79EFBC}") = "WpfApp1", "WpfApp1\WpfApp1.csproj", "{56CCAABB-6421-45A3-83E3-C08AF28385C4}"
EndProject
Global
	GlobalSection(SolutionConfigurationPlatforms) = preSolution
		Debug|Any CPU = Debug|Any CPU
		Release|Any CPU = Release|Any CPU
	EndGlobalSection
	GlobalSection(ProjectConfigurationPlatforms) = postSolution
		{56CCAABB-6421-45A3-83E3-C08AF28385C4}.Debug|Any CPU.ActiveCfg = Debug|Any CPU
		{56CCAABB-6421-45A3-83E3-C08AF28385C4}.Debug|Any CPU.Build.0 = Debug|Any CPU
		{56CCAABB-6421-45A3-83E3-C08AF28385C4}.Release|Any CPU.ActiveCfg = Release|Any CPU
		{56CCAABB-6421-45A3-83E3-C08AF28385C4}.Release|Any CPU.Build.0 = Release|Any CPU
	EndGlobalSection
	GlobalSection(SolutionProperties) = preSolution
		HideSolutionNode = FALSE
	EndGlobalSection
	GlobalSection(ExtensibilityGlobals) = postSolution
		SolutionGuid = {E5364F92-9E0B-449C-8877-30C0069DCC04}
	EndGlobalSection
EndGlobal
